
Microsoft Visual Studio Solution File, Format Version 12.00
# Visual Studio Version 17
VisualStudioVersion = 17.3.32825.248
MinimumVisualStudioVersion = 10.0.40219.1
Project("{FAE04EC0-301F-11D3-BF4B-00C04F79EFBC}") = "SimpleBlackJackApi", "SimpleBlackJackApi\SimpleBlackJackApi.csproj", "{AEC84545-8E43-4F84-AA9A-9966829F74D6}"
EndProject
Global
	GlobalSection(SolutionConfigurationPlatforms) = preSolution
		Debug|Any CPU = Debug|Any CPU
		Release|Any CPU = Release|Any CPU
	EndGlobalSection
	GlobalSection(ProjectConfigurationPlatforms) = postSolution
		{AEC84545-8E43-4F84-AA9A-9966829F74D6}.Debug|Any CPU.ActiveCfg = Debug|Any CPU
		{AEC84545-8E43-4F84-AA9A-9966829F74D6}.Debug|Any CPU.Build.0 = Debug|Any CPU
		{AEC84545-8E43-4F84-AA9A-9966829F74D6}.Release|Any CPU.ActiveCfg = Release|Any CPU
		{AEC84545-8E43-4F84-AA9A-9966829F74D6}.Release|Any CPU.Build.0 = Release|Any CPU
	EndGlobalSection
	GlobalSection(SolutionProperties) = preSolution
		HideSolutionNode = FALSE
	EndGlobalSection
	GlobalSection(ExtensibilityGlobals) = postSolution
		SolutionGuid = {29DC208C-B7AF-44C7-9A18-26B3B791D700}
	EndGlobalSection
EndGlobal
